
Microsoft Visual Studio Solution File, Format Version 12.00
# Visual Studio Version 17
VisualStudioVersion = 17.11.35222.181
MinimumVisualStudioVersion = 10.0.40219.1
Project("{8BC9CEB8-8B4A-11D0-8D11-00A0C91BC942}") = "Count Divisors", "Count Divisors\Count Divisors.vcxproj", "{7F5530E2-CB96-4D33-9C5F-4ADAB1B83462}"
EndProject
Global
	GlobalSection(SolutionConfigurationPlatforms) = preSolution
		Debug|x64 = Debug|x64
		Debug|x86 = Debug|x86
		Release|x64 = Release|x64
		Release|x86 = Release|x86
	EndGlobalSection
	GlobalSection(ProjectConfigurationPlatforms) = postSolution
		{7F5530E2-CB96-4D33-9C5F-4ADAB1B83462}.Debug|x64.ActiveCfg = Debug|x64
		{7F5530E2-CB96-4D33-9C5F-4ADAB1B83462}.Debug|x64.Build.0 = Debug|x64
		{7F5530E2-CB96-4D33-9C5F-4ADAB1B83462}.Debug|x86.ActiveCfg = Debug|Win32
		{7F5530E2-CB96-4D33-9C5F-4ADAB1B83462}.Debug|x86.Build.0 = Debug|Win32
		{7F5530E2-CB96-4D33-9C5F-4ADAB1B83462}.Release|x64.ActiveCfg = Release|x64
		{7F5530E2-CB96-4D33-9C5F-4ADAB1B83462}.Release|x64.Build.0 = Release|x64
		{7F5530E2-CB96-4D33-9C5F-4ADAB1B83462}.Release|x86.ActiveCfg = Release|Win32
		{7F5530E2-CB96-4D33-9C5F-4ADAB1B83462}.Release|x86.Build.0 = Release|Win32
	EndGlobalSection
	GlobalSection(SolutionProperties) = preSolution
		HideSolutionNode = FALSE
	EndGlobalSection
	GlobalSection(ExtensibilityGlobals) = postSolution
		SolutionGuid = {638FCCA1-255B-4CFF-9E8E-9A8006C004B4}
	EndGlobalSection
EndGlobal
